
Microsoft Visual Studio Solution File, Format Version 12.00
# Visual Studio Version 17
VisualStudioVersion = 17.10.34707.107
MinimumVisualStudioVersion = 10.0.40219.1
Project("{9A19103F-16F7-4668-BE54-9A1E7A4F7556}") = "MauiApp2", "MauiApp2\MauiApp2.csproj", "{D16325E1-3015-49E8-9252-3646F9D9AE93}"
EndProject
Project("{9A19103F-16F7-4668-BE54-9A1E7A4F7556}") = "MauiApp1", "MauiApp1\MauiApp1.csproj", "{9EA81321-9686-43EB-823C-3E98CA0A2739}"
EndProject
Project("{9A19103F-16F7-4668-BE54-9A1E7A4F7556}") = "MauiApp3", "MauiApp3\MauiApp3.csproj", "{68464ED8-1939-4B54-A50A-A788403B8C3C}"
EndProject
Project("{FAE04EC0-301F-11D3-BF4B-00C04F79EFBC}") = "MauiApp4", "MauiApp4\MauiApp4.csproj", "{4C1FF5D8-BCB5-4FAC-B8A4-F32B945B80F1}"
EndProject
Project("{FAE04EC0-301F-11D3-BF4B-00C04F79EFBC}") = "MauiApp5", "MauiApp5\MauiApp5.csproj", "{FAD87206-00B4-4B98-9C26-371D67ECDE1D}"
EndProject
Project("{FAE04EC0-301F-11D3-BF4B-00C04F79EFBC}") = "MauiApp6", "MauiApp6\MauiApp6.csproj", "{77CCF94D-AEDD-4295-8B2F-DF04579956A4}"
EndProject
Project("{FAE04EC0-301F-11D3-BF4B-00C04F79EFBC}") = "MauiApp7", "MauiApp7\MauiApp7.csproj", "{73DF0D8A-4215-4453-934D-916831409E05}"
EndProject
Global
	GlobalSection(SolutionConfigurationPlatforms) = preSolution
		Debug|Any CPU = Debug|Any CPU
		Release|Any CPU = Release|Any CPU
	EndGlobalSection
	GlobalSection(ProjectConfigurationPlatforms) = postSolution
		{D16325E1-3015-49E8-9252-3646F9D9AE93}.Debug|Any CPU.ActiveCfg = Debug|Any CPU
		{D16325E1-3015-49E8-9252-3646F9D9AE93}.Debug|Any CPU.Build.0 = Debug|Any CPU
		{D16325E1-3015-49E8-9252-3646F9D9AE93}.Debug|Any CPU.Deploy.0 = Debug|Any CPU
		{D16325E1-3015-49E8-9252-3646F9D9AE93}.Release|Any CPU.ActiveCfg = Release|Any CPU
		{D16325E1-3015-49E8-9252-3646F9D9AE93}.Release|Any CPU.Build.0 = Release|Any CPU
		{D16325E1-3015-49E8-9252-3646F9D9AE93}.Release|Any CPU.Deploy.0 = Release|Any CPU
		{9EA81321-9686-43EB-823C-3E98CA0A2739}.Debug|Any CPU.ActiveCfg = Debug|Any CPU
		{9EA81321-9686-43EB-823C-3E98CA0A2739}.Debug|Any CPU.Build.0 = Debug|Any CPU
		{9EA81321-9686-43EB-823C-3E98CA0A2739}.Debug|Any CPU.Deploy.0 = Debug|Any CPU
		{9EA81321-9686-43EB-823C-3E98CA0A2739}.Release|Any CPU.ActiveCfg = Release|Any CPU
		{9EA81321-9686-43EB-823C-3E98CA0A2739}.Release|Any CPU.Build.0 = Release|Any CPU
		{9EA81321-9686-43EB-823C-3E98CA0A2739}.Release|Any CPU.Deploy.0 = Release|Any CPU
		{68464ED8-1939-4B54-A50A-A788403B8C3C}.Debug|Any CPU.ActiveCfg = Debug|Any CPU
		{68464ED8-1939-4B54-A50A-A788403B8C3C}.Debug|Any CPU.Build.0 = Debug|Any CPU
		{68464ED8-1939-4B54-A50A-A788403B8C3C}.Debug|Any CPU.Deploy.0 = Debug|Any CPU
		{68464ED8-1939-4B54-A50A-A788403B8C3C}.Release|Any CPU.ActiveCfg = Release|Any CPU
		{68464ED8-1939-4B54-A50A-A788403B8C3C}.Release|Any CPU.Build.0 = Release|Any CPU
		{68464ED8-1939-4B54-A50A-A788403B8C3C}.Release|Any CPU.Deploy.0 = Release|Any CPU
		{4C1FF5D8-BCB5-4FAC-B8A4-F32B945B80F1}.Debug|Any CPU.ActiveCfg = Debug|Any CPU
		{4C1FF5D8-BCB5-4FAC-B8A4-F32B945B80F1}.Debug|Any CPU.Build.0 = Debug|Any CPU
		{4C1FF5D8-BCB5-4FAC-B8A4-F32B945B80F1}.Debug|Any CPU.Deploy.0 = Debug|Any CPU
		{4C1FF5D8-BCB5-4FAC-B8A4-F32B945B80F1}.Release|Any CPU.ActiveCfg = Release|Any CPU
		{4C1FF5D8-BCB5-4FAC-B8A4-F32B945B80F1}.Release|Any CPU.Build.0 = Release|Any CPU
		{4C1FF5D8-BCB5-4FAC-B8A4-F32B945B80F1}.Release|Any CPU.Deploy.0 = Release|Any CPU
		{FAD87206-00B4-4B98-9C26-371D67ECDE1D}.Debug|Any CPU.ActiveCfg = Debug|Any CPU
		{FAD87206-00B4-4B98-9C26-371D67ECDE1D}.Debug|Any CPU.Build.0 = Debug|Any CPU
		{FAD87206-00B4-4B98-9C26-371D67ECDE1D}.Debug|Any CPU.Deploy.0 = Debug|Any CPU
		{FAD87206-00B4-4B98-9C26-371D67ECDE1D}.Release|Any CPU.ActiveCfg = Release|Any CPU
		{FAD87206-00B4-4B98-9C26-371D67ECDE1D}.Release|Any CPU.Build.0 = Release|Any CPU
		{FAD87206-00B4-4B98-9C26-371D67ECDE1D}.Release|Any CPU.Deploy.0 = Release|Any CPU
		{77CCF94D-AEDD-4295-8B2F-DF04579956A4}.Debug|Any CPU.ActiveCfg = Debug|Any CPU
		{77CCF94D-AEDD-4295-8B2F-DF04579956A4}.Debug|Any CPU.Build.0 = Debug|Any CPU
		{77CCF94D-AEDD-4295-8B2F-DF04579956A4}.Debug|Any CPU.Deploy.0 = Debug|Any CPU
		{77CCF94D-AEDD-4295-8B2F-DF04579956A4}.Release|Any CPU.ActiveCfg = Release|Any CPU
		{77CCF94D-AEDD-4295-8B2F-DF04579956A4}.Release|Any CPU.Build.0 = Release|Any CPU
		{77CCF94D-AEDD-4295-8B2F-DF04579956A4}.Release|Any CPU.Deploy.0 = Release|Any CPU
		{73DF0D8A-4215-4453-934D-916831409E05}.Debug|Any CPU.ActiveCfg = Debug|Any CPU
		{73DF0D8A-4215-4453-934D-916831409E05}.Debug|Any CPU.Build.0 = Debug|Any CPU
		{73DF0D8A-4215-4453-934D-916831409E05}.Debug|Any CPU.Deploy.0 = Debug|Any CPU
		{73DF0D8A-4215-4453-934D-916831409E05}.Release|Any CPU.ActiveCfg = Release|Any CPU
		{73DF0D8A-4215-4453-934D-916831409E05}.Release|Any CPU.Build.0 = Release|Any CPU
		{73DF0D8A-4215-4453-934D-916831409E05}.Release|Any CPU.Deploy.0 = Release|Any CPU
	EndGlobalSection
	GlobalSection(SolutionProperties) = preSolution
		HideSolutionNode = FALSE
	EndGlobalSection
	GlobalSection(ExtensibilityGlobals) = postSolution
		SolutionGuid = {F7CEFF0E-A2ED-49CC-9763-695FF4B5069E}
	EndGlobalSection
EndGlobal
